<?xml version="1.0" encoding="UTF-8"?>
<Scheme
   LastUpgradeVersion = "2610"
   version = "1.7">
   <BuildAction
      parallelizeBuildables = "YES"
      buildImplicitDependencies = "YES"
      buildArchitectures = "Automatic">
      <BuildActionEntries>
         <BuildActionEntry
            buildForTesting = "YES"
            buildForRunning = "YES"
            buildForProfiling = "YES"
            buildForArchiving = "YES"
            buildForAnalyzing = "YES">
            <BuildableReference
               BuildableIdentifier = "primary"
               BlueprintIdentifier = "1DC687F22EE818870042C363"
               BuildableName = "glob"
               BlueprintName = "glob"
               ReferencedContainer = "container:glob.xcodeproj">
            </BuildableReference>
         </BuildActionEntry>
      </BuildActionEntries>
   </BuildAction>
   <TestAction
      buildConfiguration = "Debug"
      selectedDebuggerIdentifier = "Xcode.DebuggerFoundation.Debugger.LLDB"
      selectedLauncherIdentifier = "Xcode.DebuggerFoundation.Launcher.LLDB"
      shouldUseLaunchSchemeArgsEnv = "YES"
      shouldAutocreateTestPlan = "YES">
   </TestAction>
   <LaunchAction
      buildConfiguration = "Debug"
      selectedDebuggerIdentifier = "Xcode.DebuggerFoundation.Debugger.LLDB"
      selectedLauncherIdentifier = "Xcode.DebuggerFoundation.Launcher.LLDB"
      launchStyle = "0"
      useCustomWorkingDirectory = "NO"
      ignoresPersistentStateOnLaunch = "NO"
      debugDocumentVersioning = "YES"
      debugServiceExtension = "internal"
      allowLocationSimulation = "YES"
      viewDebuggingEnabled = "No">
      <BuildableProductRunnable
         runnableDebuggingMode = "0">
         <BuildableReference
            BuildableIdentifier = "primary"
            BlueprintIdentifier = "1DC687F22EE818870042C363"
            BuildableName = "glob"
            BlueprintName = "glob"
            ReferencedContainer = "container:glob.xcodeproj">
         </BuildableReference>
      </BuildableProductRunnable>
      <CommandLineArguments>
         <CommandLineArgument
            argument = "**/baz/foo.cpp"
            isEnabled = "NO">
         </CommandLineArgument>
         <CommandLineArgument
            argument = "bar/baz/foo.cpp"
            isEnabled = "NO">
         </CommandLineArgument>
         <CommandLineArgument
            argument = "**/*.cpp"
            isEnabled = "NO">
         </CommandLineArgument>
         <CommandLineArgument
            argument = "bar/baz/foo.cpp"
            isEnabled = "NO">
         </CommandLineArgument>
         <CommandLineArgument
            argument = "*.{h,hp,hpp,hxx,c,cc,cp,cpp,cxx}"
            isEnabled = "NO">
         </CommandLineArgument>
         <CommandLineArgument
            argument = "*.@(h|hp|hpp|hxx|c|cc|cp|cpp|cxx)"
            isEnabled = "NO">
         </CommandLineArgument>
         <CommandLineArgument
            argument = "foo.hp"
            isEnabled = "NO">
         </CommandLineArgument>
         <CommandLineArgument
            argument = "[A-Z]*.cpp"
            isEnabled = "NO">
         </CommandLineArgument>
         <CommandLineArgument
            argument = "any.cpp"
            isEnabled = "NO">
         </CommandLineArgument>
         <CommandLineArgument
            argument = "*.(a|b)"
            isEnabled = "NO">
         </CommandLineArgument>
         <CommandLineArgument
            argument = "foo.a"
            isEnabled = "NO">
         </CommandLineArgument>
         <CommandLineArgument
            argument = "&apos;*/baz**/*.cpp"
            isEnabled = "NO">
         </CommandLineArgument>
         <CommandLineArgument
            argument = "bar/baz/foo.cpp"
            isEnabled = "NO">
         </CommandLineArgument>
         <CommandLineArgument
            argument = "file{1..2}.txt"
            isEnabled = "NO">
         </CommandLineArgument>
         <CommandLineArgument
            argument = "file1.txt"
            isEnabled = "NO">
         </CommandLineArgument>
         <CommandLineArgument
            argument = "file{,.bak}"
            isEnabled = "NO">
         </CommandLineArgument>
         <CommandLineArgument
            argument = "file"
            isEnabled = "NO">
         </CommandLineArgument>
         <CommandLineArgument
            argument = "test*.{txt,pdf}"
            isEnabled = "NO">
         </CommandLineArgument>
         <CommandLineArgument
            argument = "test.cpp"
            isEnabled = "NO">
         </CommandLineArgument>
         <CommandLineArgument
            argument = "file@(.bak|)"
            isEnabled = "NO">
         </CommandLineArgument>
         <CommandLineArgument
            argument = "file.bak"
            isEnabled = "NO">
         </CommandLineArgument>
         <CommandLineArgument
            argument = "&quot;!([a-z]).txt&quot;"
            isEnabled = "YES">
         </CommandLineArgument>
         <CommandLineArgument
            argument = "A.txt"
            isEnabled = "YES">
         </CommandLineArgument>
      </CommandLineArguments>
   </LaunchAction>
   <ProfileAction
      buildConfiguration = "Release"
      shouldUseLaunchSchemeArgsEnv = "YES"
      savedToolIdentifier = ""
      useCustomWorkingDirectory = "NO"
      debugDocumentVersioning = "YES">
      <BuildableProductRunnable
         runnableDebuggingMode = "0">
         <BuildableReference
            BuildableIdentifier = "primary"
            BlueprintIdentifier = "1DC687F22EE818870042C363"
            BuildableName = "glob"
            BlueprintName = "glob"
            ReferencedContainer = "container:glob.xcodeproj">
         </BuildableReference>
      </BuildableProductRunnable>
   </ProfileAction>
   <AnalyzeAction
      buildConfiguration = "Debug">
   </AnalyzeAction>
   <ArchiveAction
      buildConfiguration = "Release"
      revealArchiveInOrganizer = "YES">
   </ArchiveAction>
</Scheme>
